{
  "version": 4,
  "terraform_version": "1.4.6",
  "serial": 8,
  "lineage": "f584250a-1f49-d7d1-6a2b-2d4cda6b0b4e",
  "outputs": {
    "namespace_name": {
      "value": "linkerd",
      "type": "string"
    }
  },
  "resources": [
    {
      "mode": "data",
      "type": "aws_caller_identity",
      "name": "current",
      "provider": "provider[\"registry.terraform.io/hashicorp/aws\"]",
      "instances": [
        {
          "schema_version": 0,
          "attributes": {
            "account_id": "664296020055",
            "arn": "arn:aws:iam::664296020055:user/john.vaughan",
            "id": "664296020055",
            "user_id": "AIDAZVKZA3BLUCB6MJNWZ"
          },
          "sensitive_attributes": []
        }
      ]
    },
    {
      "mode": "data",
      "type": "aws_eks_cluster",
      "name": "cluster",
      "provider": "provider[\"registry.terraform.io/hashicorp/aws\"]",
      "instances": [
        {
          "schema_version": 0,
          "attributes": {
            "arn": "arn:aws:eks:eu-north-1:664296020055:cluster/B4-EKS-cluster",
            "certificate_authority": [
              {
                "data": "LS0tLS1CRUdJTiBDRVJUSUZJQ0FURS0tLS0tCk1JSURCVENDQWUyZ0F3SUJBZ0lJWjMwWTdpTUFOaGN3RFFZSktvWklodmNOQVFFTEJRQXdGVEVUTUJFR0ExVUUKQXhNS2EzVmlaWEp1WlhSbGN6QWVGdzB5TXpBNE1qTXhNRE15TXpWYUZ3MHpNekE0TWpBeE1ETXlNelZhTUJVeApFekFSQmdOVkJBTVRDbXQxWW1WeWJtVjBaWE13Z2dFaU1BMEdDU3FHU0liM0RRRUJBUVVBQTRJQkR3QXdnZ0VLCkFvSUJBUURwc3cwSHhPZTRKSVhPOC94UGRGcDJKaSt2OFUwUzkzREV4Yy9rQ3hJUjZ5TldJbVhmQWJHb0lqaHQKTkw1bE0yOFVZQmJUVmc2MDllcndOUjF0cm8zTnczTFI2NURsbW15THE4a2tSemRQdGNYUGg2eVNveU5GcmYzUwpVcWJVQjhhZUtYYm01VElOTDhoM3cvMzhnbS94VjhZdzdhczZRYVp0TUZ6TkFDb3VhMEFQYjdYL3B3SGRzUWdjClA1Y3RnOHVZTXhWNFZOSWQwQXlvaHhuQisyeXRtZVp3cTI5N29PTzJkZ0FmSnZjS2NkSERiQ1FGTVhhOURMN0cKbHRDdVBJSUw3cFdlT01JTmd3ZEZEa00yOHJIYVJuczY4aFJFWDZxbnJXK0hVakpMMUFveHBQNCtwVFAxU1pEVQovL09Sd1Q2NFpIMFNuNDZ6YzBaNnlNajEra1lwQWdNQkFBR2pXVEJYTUE0R0ExVWREd0VCL3dRRUF3SUNwREFQCkJnTlZIUk1CQWY4RUJUQURBUUgvTUIwR0ExVWREZ1FXQkJRbmNvM0lhY1ZPNFhjMDkva3VTZC9URGY2Rjd6QVYKQmdOVkhSRUVEakFNZ2dwcmRXSmxjbTVsZEdWek1BMEdDU3FHU0liM0RRRUJDd1VBQTRJQkFRQVptUDA5QjkwagpGcGZUcGRHTWJRZmxGcUQybHpEWmVVUGE1M3hxbG9ydW43cC9PMnlvcy9lMnRFUkF1ZEhDU3JybklWLzZZcnF1Cmh2VUp2bWY0RXNoRzJKSEtMYWVjUkRHSllDdnBnRU5CUDFjdFNoNXA2aUNLTkFzQzNRdDVxNHVaSDVZS2tuNjkKMU1YMUpNbXFXMXVrbjF2VzM2amJOVU85dU10dWZKNTJuaEg5QTVZU29aY1dnaTZVQ1FadUd4alpkZi9sa0Z6RQpRK2dpQ3VRTUZjWXphcTM1RFY1bkJLU3Y1U2RWdzhKRnFYenBUL3BSYlhlWW16Q2UyYy9vT2tzZHJ3dEVtSVg2CjgvOG1IV1ZxSGpxeWFxN0Y5cTZtNmh5NzdZc2J2LzYwbWI5ZkFCeHk2ZWNWZW9aTk5kQ3ZyelZzZzNvZG5KUUMKV0ZMam9RWUovK200Ci0tLS0tRU5EIENFUlRJRklDQVRFLS0tLS0K"
              }
            ],
            "cluster_id": null,
            "created_at": "2023-08-23 10:28:26.348 +0000 UTC",
            "enabled_cluster_log_types": [
              "api",
              "audit",
              "authenticator"
            ],
            "endpoint": "https://E10D8BD46F0EFE7DDE02205080F8C791.yl4.eu-north-1.eks.amazonaws.com",
            "id": "B4-EKS-cluster",
            "identity": [
              {
                "oidc": [
                  {
                    "issuer": "https://oidc.eks.eu-north-1.amazonaws.com/id/E10D8BD46F0EFE7DDE02205080F8C791"
                  }
                ]
              }
            ],
            "kubernetes_network_config": [
              {
                "ip_family": "ipv4",
                "service_ipv4_cidr": "172.20.0.0/16",
                "service_ipv6_cidr": ""
              }
            ],
            "name": "B4-EKS-cluster",
            "outpost_config": [],
            "platform_version": "eks.4",
            "role_arn": "arn:aws:iam::664296020055:role/B4-EKS-cluster-cluster-20230823102752980400000002",
            "status": "ACTIVE",
            "tags": {
              "KubernetesCluster": "B4-EKS-cluster",
              "Terraform": "true"
            },
            "version": "1.27",
            "vpc_config": [
              {
                "cluster_security_group_id": "sg-0857f04bb5bdc9690",
                "endpoint_private_access": true,
                "endpoint_public_access": true,
                "public_access_cidrs": [
                  "0.0.0.0/0"
                ],
                "security_group_ids": [
                  "sg-085e2b43ff1af5afb"
                ],
                "subnet_ids": [
                  "subnet-00ec77eb06acee956",
                  "subnet-03c9023fcfad1f541",
                  "subnet-046ac7115a7ce4aea"
                ],
                "vpc_id": "vpc-0621905c8fa10f358"
              }
            ]
          },
          "sensitive_attributes": []
        }
      ]
    },
    {
      "mode": "data",
      "type": "aws_eks_cluster_auth",
      "name": "cluster",
      "provider": "provider[\"registry.terraform.io/hashicorp/aws\"]",
      "instances": [
        {
          "schema_version": 0,
          "attributes": {
            "id": "B4-EKS-cluster",
            "name": "B4-EKS-cluster",
            "token": "k8s-aws-v1.aHR0cHM6Ly9zdHMuYW1hem9uYXdzLmNvbS8_QWN0aW9uPUdldENhbGxlcklkZW50aXR5JlZlcnNpb249MjAxMS0wNi0xNSZYLUFtei1BbGdvcml0aG09QVdTNC1ITUFDLVNIQTI1NiZYLUFtei1DcmVkZW50aWFsPUFLSUFaVktaQTNCTFRNVjNGRE1SJTJGMjAyMzA4MjUlMkZ1cy1lYXN0LTElMkZzdHMlMkZhd3M0X3JlcXVlc3QmWC1BbXotRGF0ZT0yMDIzMDgyNVQxMDI5MzJaJlgtQW16LUV4cGlyZXM9MCZYLUFtei1TaWduZWRIZWFkZXJzPWhvc3QlM0J4LWs4cy1hd3MtaWQmWC1BbXotU2lnbmF0dXJlPWI4MzZhYTI4NmRlMWE5MDRkNGM0YTE2NzZmYTk5NzQzYTgxNjQxODE2YjEzOWI0ODRmMzY1N2Q0MzNlMWUxN2Q"
          },
          "sensitive_attributes": []
        }
      ]
    },
    {
      "mode": "managed",
      "type": "kubernetes_default_service_account_v1",
      "name": "default",
      "provider": "provider[\"registry.terraform.io/hashicorp/kubernetes\"]",
      "instances": [
        {
          "schema_version": 0,
          "attributes": {
            "automount_service_account_token": false,
            "default_secret_name": "",
            "id": "linkerd/default",
            "image_pull_secret": [],
            "metadata": [
              {
                "annotations": null,
                "generation": 0,
                "labels": null,
                "name": "default",
                "namespace": "linkerd",
                "resource_version": "519550",
                "uid": "b156439a-371f-4440-913a-16f1a0161821"
              }
            ],
            "secret": [],
            "timeouts": null
          },
          "sensitive_attributes": [],
          "private": "eyJlMmJmYjczMC1lY2FhLTExZTYtOGY4OC0zNDM2M2JjN2M0YzAiOnsiY3JlYXRlIjozMDAwMDAwMDAwMH19",
          "dependencies": [
            "data.aws_eks_cluster.cluster",
            "data.aws_eks_cluster_auth.cluster",
            "kubernetes_namespace.this"
          ]
        }
      ]
    },
    {
      "mode": "managed",
      "type": "kubernetes_namespace",
      "name": "this",
      "provider": "provider[\"registry.terraform.io/hashicorp/kubernetes\"]",
      "instances": [
        {
          "schema_version": 0,
          "attributes": {
            "id": "linkerd",
            "metadata": [
              {
                "annotations": {
                  "linkerd.io/inject": "disabled"
                },
                "generate_name": "",
                "generation": 0,
                "labels": {
                  "config.linkerd.io/admission-webhooks": "disabled",
                  "linkerd.io/control-plane-ns": "linkerd",
                  "linkerd.io/is-control-plane": "true",
                  "pod-security.kubernetes.io/audit": "baseline",
                  "pod-security.kubernetes.io/enforce": "baseline",
                  "pod-security.kubernetes.io/warn": "baseline",
                  "role": "linkerd"
                },
                "name": "linkerd",
                "resource_version": "519544",
                "uid": "6489e065-a0c2-4a83-acac-4428749ddaa9"
              }
            ],
            "timeouts": null,
            "wait_for_default_service_account": false
          },
          "sensitive_attributes": [],
          "private": "eyJlMmJmYjczMC1lY2FhLTExZTYtOGY4OC0zNDM2M2JjN2M0YzAiOnsiZGVsZXRlIjozMDAwMDAwMDAwMDB9fQ==",
          "dependencies": [
            "data.aws_eks_cluster.cluster",
            "data.aws_eks_cluster_auth.cluster"
          ]
        }
      ]
    },
    {
      "mode": "managed",
      "type": "kubernetes_role_binding",
      "name": "eks_podsecuritypolicy_authenticated",
      "provider": "provider[\"registry.terraform.io/hashicorp/kubernetes\"]",
      "instances": [
        {
          "schema_version": 0,
          "attributes": {
            "id": "linkerd/eks_podsecuritypolicy_authenticated",
            "metadata": [
              {
                "annotations": null,
                "generate_name": "",
                "generation": 0,
                "labels": null,
                "name": "eks_podsecuritypolicy_authenticated",
                "namespace": "linkerd",
                "resource_version": "519549",
                "uid": "bd542fa7-93fc-4751-8724-fb8b90b252c6"
              }
            ],
            "role_ref": [
              {
                "api_group": "rbac.authorization.k8s.io",
                "kind": "ClusterRole",
                "name": "eks:podsecuritypolicy:privileged"
              }
            ],
            "subject": [
              {
                "api_group": "rbac.authorization.k8s.io",
                "kind": "Group",
                "name": "system:serviceaccounts:linkerd",
                "namespace": "linkerd"
              },
              {
                "api_group": "rbac.authorization.k8s.io",
                "kind": "Group",
                "name": "system:authenticated",
                "namespace": "linkerd"
              }
            ]
          },
          "sensitive_attributes": [],
          "private": "bnVsbA==",
          "dependencies": [
            "data.aws_eks_cluster.cluster",
            "data.aws_eks_cluster_auth.cluster",
            "kubernetes_namespace.this"
          ]
        }
      ]
    },
    {
      "mode": "managed",
      "type": "tls_cert_request",
      "name": "issuer",
      "provider": "provider[\"registry.terraform.io/hashicorp/tls\"]",
      "instances": [
        {
          "schema_version": 0,
          "attributes": {
            "cert_request_pem": "-----BEGIN CERTIFICATE REQUEST-----\nMIHkMIGLAgEAMCkxJzAlBgNVBAMTHmlkZW50aXR5LmxpbmtlcmQuY2x1c3Rlci5s\nb2NhbDBZMBMGByqGSM49AgEGCCqGSM49AwEHA0IABDm7XM+Kau11xfaRwG6JQmiH\nOgxDJfH1Cv6tsdmitd2towb8R8py28rBaEg0BeeMVp+o1znLtNb2ydhr61crQCGg\nADAKBggqhkjOPQQDAgNIADBFAiARX23kgAcCgzsiffCE/B2Es8U+PL10Q/HNfOa5\n1jixCwIhAKMfrNRjf87mTVFgO+VP3oaqk28MJXf9UpOBszefyag2\n-----END CERTIFICATE REQUEST-----\n",
            "dns_names": null,
            "id": "75cb8ad85a92e20d181530e25da643423de2085a",
            "ip_addresses": null,
            "key_algorithm": "ECDSA",
            "private_key_pem": "-----BEGIN EC PRIVATE KEY-----\nMHcCAQEEINHM0C7U7MhK5NtI53wZ+XQOWQFwRSnFIH64Umixi+PCoAoGCCqGSM49\nAwEHoUQDQgAEObtcz4pq7XXF9pHAbolCaIc6DEMl8fUK/q2x2aK13a2jBvxHynLb\nysFoSDQF54xWn6jXOcu01vbJ2GvrVytAIQ==\n-----END EC PRIVATE KEY-----\n",
            "subject": [
              {
                "common_name": "identity.linkerd.cluster.local",
                "country": null,
                "locality": null,
                "organization": null,
                "organizational_unit": null,
                "postal_code": null,
                "province": null,
                "serial_number": null,
                "street_address": null
              }
            ],
            "uris": null
          },
          "sensitive_attributes": [
            [
              {
                "type": "get_attr",
                "value": "private_key_pem"
              }
            ]
          ],
          "dependencies": [
            "tls_private_key.issuer"
          ]
        }
      ]
    },
    {
      "mode": "managed",
      "type": "tls_locally_signed_cert",
      "name": "issuer",
      "provider": "provider[\"registry.terraform.io/hashicorp/tls\"]",
      "instances": [
        {
          "schema_version": 0,
          "attributes": {
            "allowed_uses": [
              "cert_signing",
              "crl_signing"
            ],
            "ca_cert_pem": "-----BEGIN CERTIFICATE-----\nMIIBizCCATGgAwIBAgIRAOqyTYAuOlo5T5jxbFCNPs4wCgYIKoZIzj0EAwIwJTEj\nMCEGA1UEAxMacm9vdC5saW5rZXJkLmNsdXN0ZXIubG9jYWwwHhcNMjMwODI1MTAy\nOTUxWhcNMzMwODIyMTAyOTUxWjAlMSMwIQYDVQQDExpyb290LmxpbmtlcmQuY2x1\nc3Rlci5sb2NhbDBZMBMGByqGSM49AgEGCCqGSM49AwEHA0IABO3V6y+2WMsAk8MG\nI9EHeEYpwogJbRu64nJ/492IqE4oAvXOZgC3MylaQG8zPcQaHcoMzD4hCsw1kI/2\ng8xcHVWjQjBAMA4GA1UdDwEB/wQEAwIBBjAPBgNVHRMBAf8EBTADAQH/MB0GA1Ud\nDgQWBBTh8IkA/KnXpSYCoFkoU9apFxvcVjAKBggqhkjOPQQDAgNIADBFAiAM4wJ4\nXIT1ZItB4SkMuqTLDySMmB0h6F+vfz0m7G0EkgIhAJ7LXuvK3/hwCkGPvDVrWTxE\nnpJ4Oj7npuczSoAw2qCu\n-----END CERTIFICATE-----\n",
            "ca_key_algorithm": "ECDSA",
            "ca_private_key_pem": "-----BEGIN EC PRIVATE KEY-----\nMHcCAQEEIM7bNkWUkqg2NA8Deg7Z+ZZW/+ihup+1CNtYD0vQCIajoAoGCCqGSM49\nAwEHoUQDQgAE7dXrL7ZYywCTwwYj0Qd4RinCiAltG7ricn/j3YioTigC9c5mALcz\nKVpAbzM9xBodygzMPiEKzDWQj/aDzFwdVQ==\n-----END EC PRIVATE KEY-----\n",
            "cert_pem": "-----BEGIN CERTIFICATE-----\nMIIBrjCCAVWgAwIBAgIQTyIzug2hnVsuncXb0FsC+zAKBggqhkjOPQQDAjAlMSMw\nIQYDVQQDExpyb290LmxpbmtlcmQuY2x1c3Rlci5sb2NhbDAeFw0yMzA4MjUxMDI5\nNTFaFw0zMzA4MjIxMDI5NTFaMCkxJzAlBgNVBAMTHmlkZW50aXR5LmxpbmtlcmQu\nY2x1c3Rlci5sb2NhbDBZMBMGByqGSM49AgEGCCqGSM49AwEHA0IABDm7XM+Kau11\nxfaRwG6JQmiHOgxDJfH1Cv6tsdmitd2towb8R8py28rBaEg0BeeMVp+o1znLtNb2\nydhr61crQCGjYzBhMA4GA1UdDwEB/wQEAwIBBjAPBgNVHRMBAf8EBTADAQH/MB0G\nA1UdDgQWBBRq1tZ1L44yt4tsBnbCSlOZ2H+ACjAfBgNVHSMEGDAWgBTh8IkA/KnX\npSYCoFkoU9apFxvcVjAKBggqhkjOPQQDAgNHADBEAiBolAOnHS7qtS3jBxN8UJHK\nYX0CFOPDd/sE5TBuI62UxAIgZtHK4XbOHoVqjEBoZ/SLkAz3LDoHCz0ikWEq0Bzh\n4sM=\n-----END CERTIFICATE-----\n",
            "cert_request_pem": "-----BEGIN CERTIFICATE REQUEST-----\nMIHkMIGLAgEAMCkxJzAlBgNVBAMTHmlkZW50aXR5LmxpbmtlcmQuY2x1c3Rlci5s\nb2NhbDBZMBMGByqGSM49AgEGCCqGSM49AwEHA0IABDm7XM+Kau11xfaRwG6JQmiH\nOgxDJfH1Cv6tsdmitd2towb8R8py28rBaEg0BeeMVp+o1znLtNb2ydhr61crQCGg\nADAKBggqhkjOPQQDAgNIADBFAiARX23kgAcCgzsiffCE/B2Es8U+PL10Q/HNfOa5\n1jixCwIhAKMfrNRjf87mTVFgO+VP3oaqk28MJXf9UpOBszefyag2\n-----END CERTIFICATE REQUEST-----\n",
            "early_renewal_hours": 0,
            "id": "105186598903745237265315229223721042683",
            "is_ca_certificate": true,
            "ready_for_renewal": false,
            "set_subject_key_id": true,
            "validity_end_time": "2033-08-22T11:29:51.0416609+01:00",
            "validity_period_hours": 87600,
            "validity_start_time": "2023-08-25T11:29:51.0416609+01:00"
          },
          "sensitive_attributes": [
            [
              {
                "type": "get_attr",
                "value": "ca_private_key_pem"
              }
            ]
          ],
          "dependencies": [
            "tls_cert_request.issuer",
            "tls_private_key.ca",
            "tls_private_key.issuer",
            "tls_self_signed_cert.ca"
          ]
        }
      ]
    },
    {
      "mode": "managed",
      "type": "tls_private_key",
      "name": "ca",
      "provider": "provider[\"registry.terraform.io/hashicorp/tls\"]",
      "instances": [
        {
          "schema_version": 1,
          "attributes": {
            "algorithm": "ECDSA",
            "ecdsa_curve": "P256",
            "id": "7a432ed0dc78c46c5fc6823ee46513131bf0c337",
            "private_key_openssh": "-----BEGIN OPENSSH PRIVATE KEY-----\nb3BlbnNzaC1rZXktdjEAAAAABG5vbmUAAAAEbm9uZQAAAAAAAAABAAAAaAAAABNl\nY2RzYS1zaGEyLW5pc3RwMjU2AAAACG5pc3RwMjU2AAAAQQTt1esvtljLAJPDBiPR\nB3hGKcKICW0buuJyf+PdiKhOKAL1zmYAtzMpWkBvMz3EGh3KDMw+IQrMNZCP9oPM\nXB1VAAAAoCXnFcUl5xXFAAAAE2VjZHNhLXNoYTItbmlzdHAyNTYAAAAIbmlzdHAy\nNTYAAABBBO3V6y+2WMsAk8MGI9EHeEYpwogJbRu64nJ/492IqE4oAvXOZgC3Myla\nQG8zPcQaHcoMzD4hCsw1kI/2g8xcHVUAAAAhAM7bNkWUkqg2NA8Deg7Z+ZZW/+ih\nup+1CNtYD0vQCIajAAAAAAECAwQFBgc=\n-----END OPENSSH PRIVATE KEY-----\n",
            "private_key_pem": "-----BEGIN EC PRIVATE KEY-----\nMHcCAQEEIM7bNkWUkqg2NA8Deg7Z+ZZW/+ihup+1CNtYD0vQCIajoAoGCCqGSM49\nAwEHoUQDQgAE7dXrL7ZYywCTwwYj0Qd4RinCiAltG7ricn/j3YioTigC9c5mALcz\nKVpAbzM9xBodygzMPiEKzDWQj/aDzFwdVQ==\n-----END EC PRIVATE KEY-----\n",
            "private_key_pem_pkcs8": "-----BEGIN PRIVATE KEY-----\nMIGHAgEAMBMGByqGSM49AgEGCCqGSM49AwEHBG0wawIBAQQgzts2RZSSqDY0DwN6\nDtn5llb/6KG6n7UI21gPS9AIhqOhRANCAATt1esvtljLAJPDBiPRB3hGKcKICW0b\nuuJyf+PdiKhOKAL1zmYAtzMpWkBvMz3EGh3KDMw+IQrMNZCP9oPMXB1V\n-----END PRIVATE KEY-----\n",
            "public_key_fingerprint_md5": "43:90:91:a0:1f:30:ae:c9:b2:2d:6d:ce:dd:c0:c5:53",
            "public_key_fingerprint_sha256": "SHA256:xMfLt8LQMOZ1XO8A/r5xkeu3LimtnAk78px1aL+bdCo",
            "public_key_openssh": "ecdsa-sha2-nistp256 AAAAE2VjZHNhLXNoYTItbmlzdHAyNTYAAAAIbmlzdHAyNTYAAABBBO3V6y+2WMsAk8MGI9EHeEYpwogJbRu64nJ/492IqE4oAvXOZgC3MylaQG8zPcQaHcoMzD4hCsw1kI/2g8xcHVU=\n",
            "public_key_pem": "-----BEGIN PUBLIC KEY-----\nMFkwEwYHKoZIzj0CAQYIKoZIzj0DAQcDQgAE7dXrL7ZYywCTwwYj0Qd4RinCiAlt\nG7ricn/j3YioTigC9c5mALczKVpAbzM9xBodygzMPiEKzDWQj/aDzFwdVQ==\n-----END PUBLIC KEY-----\n",
            "rsa_bits": 2048
          },
          "sensitive_attributes": []
        }
      ]
    },
    {
      "mode": "managed",
      "type": "tls_private_key",
      "name": "issuer",
      "provider": "provider[\"registry.terraform.io/hashicorp/tls\"]",
      "instances": [
        {
          "schema_version": 1,
          "attributes": {
            "algorithm": "ECDSA",
            "ecdsa_curve": "P256",
            "id": "1ecd9fad4bf443e6141c149ea647c907959c2412",
            "private_key_openssh": "-----BEGIN OPENSSH PRIVATE KEY-----\nb3BlbnNzaC1rZXktdjEAAAAABG5vbmUAAAAEbm9uZQAAAAAAAAABAAAAaAAAABNl\nY2RzYS1zaGEyLW5pc3RwMjU2AAAACG5pc3RwMjU2AAAAQQQ5u1zPimrtdcX2kcBu\niUJohzoMQyXx9Qr+rbHZorXdraMG/EfKctvKwWhINAXnjFafqNc5y7TW9snYa+tX\nK0AhAAAAoPgEP/74BD/+AAAAE2VjZHNhLXNoYTItbmlzdHAyNTYAAAAIbmlzdHAy\nNTYAAABBBDm7XM+Kau11xfaRwG6JQmiHOgxDJfH1Cv6tsdmitd2towb8R8py28rB\naEg0BeeMVp+o1znLtNb2ydhr61crQCEAAAAhANHM0C7U7MhK5NtI53wZ+XQOWQFw\nRSnFIH64Umixi+PCAAAAAAECAwQFBgc=\n-----END OPENSSH PRIVATE KEY-----\n",
            "private_key_pem": "-----BEGIN EC PRIVATE KEY-----\nMHcCAQEEINHM0C7U7MhK5NtI53wZ+XQOWQFwRSnFIH64Umixi+PCoAoGCCqGSM49\nAwEHoUQDQgAEObtcz4pq7XXF9pHAbolCaIc6DEMl8fUK/q2x2aK13a2jBvxHynLb\nysFoSDQF54xWn6jXOcu01vbJ2GvrVytAIQ==\n-----END EC PRIVATE KEY-----\n",
            "private_key_pem_pkcs8": "-----BEGIN PRIVATE KEY-----\nMIGHAgEAMBMGByqGSM49AgEGCCqGSM49AwEHBG0wawIBAQQg0czQLtTsyErk20jn\nfBn5dA5ZAXBFKcUgfrhSaLGL48KhRANCAAQ5u1zPimrtdcX2kcBuiUJohzoMQyXx\n9Qr+rbHZorXdraMG/EfKctvKwWhINAXnjFafqNc5y7TW9snYa+tXK0Ah\n-----END PRIVATE KEY-----\n",
            "public_key_fingerprint_md5": "c3:4b:da:0b:3a:99:b9:9e:7b:24:39:64:50:b3:06:c6",
            "public_key_fingerprint_sha256": "SHA256:wuVWg11yeomOIxOaeze8zGplxvdZbtBXPa5AzuFGDG8",
            "public_key_openssh": "ecdsa-sha2-nistp256 AAAAE2VjZHNhLXNoYTItbmlzdHAyNTYAAAAIbmlzdHAyNTYAAABBBDm7XM+Kau11xfaRwG6JQmiHOgxDJfH1Cv6tsdmitd2towb8R8py28rBaEg0BeeMVp+o1znLtNb2ydhr61crQCE=\n",
            "public_key_pem": "-----BEGIN PUBLIC KEY-----\nMFkwEwYHKoZIzj0CAQYIKoZIzj0DAQcDQgAEObtcz4pq7XXF9pHAbolCaIc6DEMl\n8fUK/q2x2aK13a2jBvxHynLbysFoSDQF54xWn6jXOcu01vbJ2GvrVytAIQ==\n-----END PUBLIC KEY-----\n",
            "rsa_bits": 2048
          },
          "sensitive_attributes": []
        }
      ]
    },
    {
      "mode": "managed",
      "type": "tls_self_signed_cert",
      "name": "ca",
      "provider": "provider[\"registry.terraform.io/hashicorp/tls\"]",
      "instances": [
        {
          "schema_version": 0,
          "attributes": {
            "allowed_uses": [
              "cert_signing",
              "crl_signing"
            ],
            "cert_pem": "-----BEGIN CERTIFICATE-----\nMIIBizCCATGgAwIBAgIRAOqyTYAuOlo5T5jxbFCNPs4wCgYIKoZIzj0EAwIwJTEj\nMCEGA1UEAxMacm9vdC5saW5rZXJkLmNsdXN0ZXIubG9jYWwwHhcNMjMwODI1MTAy\nOTUxWhcNMzMwODIyMTAyOTUxWjAlMSMwIQYDVQQDExpyb290LmxpbmtlcmQuY2x1\nc3Rlci5sb2NhbDBZMBMGByqGSM49AgEGCCqGSM49AwEHA0IABO3V6y+2WMsAk8MG\nI9EHeEYpwogJbRu64nJ/492IqE4oAvXOZgC3MylaQG8zPcQaHcoMzD4hCsw1kI/2\ng8xcHVWjQjBAMA4GA1UdDwEB/wQEAwIBBjAPBgNVHRMBAf8EBTADAQH/MB0GA1Ud\nDgQWBBTh8IkA/KnXpSYCoFkoU9apFxvcVjAKBggqhkjOPQQDAgNIADBFAiAM4wJ4\nXIT1ZItB4SkMuqTLDySMmB0h6F+vfz0m7G0EkgIhAJ7LXuvK3/hwCkGPvDVrWTxE\nnpJ4Oj7npuczSoAw2qCu\n-----END CERTIFICATE-----\n",
            "dns_names": null,
            "early_renewal_hours": 0,
            "id": "311965151755540650801330128060129558222",
            "ip_addresses": null,
            "is_ca_certificate": true,
            "key_algorithm": "ECDSA",
            "private_key_pem": "-----BEGIN EC PRIVATE KEY-----\nMHcCAQEEIM7bNkWUkqg2NA8Deg7Z+ZZW/+ihup+1CNtYD0vQCIajoAoGCCqGSM49\nAwEHoUQDQgAE7dXrL7ZYywCTwwYj0Qd4RinCiAltG7ricn/j3YioTigC9c5mALcz\nKVpAbzM9xBodygzMPiEKzDWQj/aDzFwdVQ==\n-----END EC PRIVATE KEY-----\n",
            "ready_for_renewal": false,
            "set_authority_key_id": false,
            "set_subject_key_id": true,
            "subject": [
              {
                "common_name": "root.linkerd.cluster.local",
                "country": null,
                "locality": null,
                "organization": null,
                "organizational_unit": null,
                "postal_code": null,
                "province": null,
                "serial_number": null,
                "street_address": null
              }
            ],
            "uris": null,
            "validity_end_time": "2033-08-22T11:29:51.0263803+01:00",
            "validity_period_hours": 87600,
            "validity_start_time": "2023-08-25T11:29:51.0263803+01:00"
          },
          "sensitive_attributes": [
            [
              {
                "type": "get_attr",
                "value": "private_key_pem"
              }
            ]
          ],
          "dependencies": [
            "tls_private_key.ca"
          ]
        }
      ]
    }
  ],
  "check_results": null
}
